
Microsoft Visual Studio Solution File, Format Version 12.00
# Visual Studio Version 16
VisualStudioVersion = 16.0.31112.23
MinimumVisualStudioVersion = 10.0.40219.1
Project("{FAE04EC0-301F-11D3-BF4B-00C04F79EFBC}") = "LOD", "LOD\LOD.csproj", "{F8C2B8BE-0033-46D1-89DE-F6A31FC8A8AD}"
EndProject
Global
	GlobalSection(SolutionConfigurationPlatforms) = preSolution
		Debug|Any CPU = Debug|Any CPU
		Release|Any CPU = Release|Any CPU
	EndGlobalSection
	GlobalSection(ProjectConfigurationPlatforms) = postSolution
		{F8C2B8BE-0033-46D1-89DE-F6A31FC8A8AD}.Debug|Any CPU.ActiveCfg = Debug|Any CPU
		{F8C2B8BE-0033-46D1-89DE-F6A31FC8A8AD}.Debug|Any CPU.Build.0 = Debug|Any CPU
		{F8C2B8BE-0033-46D1-89DE-F6A31FC8A8AD}.Release|Any CPU.ActiveCfg = Release|Any CPU
		{F8C2B8BE-0033-46D1-89DE-F6A31FC8A8AD}.Release|Any CPU.Build.0 = Release|Any CPU
	EndGlobalSection
	GlobalSection(SolutionProperties) = preSolution
		HideSolutionNode = FALSE
	EndGlobalSection
	GlobalSection(ExtensibilityGlobals) = postSolution
		SolutionGuid = {E21AF8D8-E4AE-432A-986A-3EB1E2C82A86}
	EndGlobalSection
EndGlobal
